
Microsoft Visual Studio Solution File, Format Version 12.00
# Visual Studio Version 16
VisualStudioVersion = 16.0.30320.27
MinimumVisualStudioVersion = 10.0.40219.1
Project("{FAE04EC0-301F-11D3-BF4B-00C04F79EFBC}") = "HW6DReviewEnumsClassStructs", "HW6DReviewEnumsClassStructs.csproj", "{52DB14A7-3604-4D39-9649-BB007FB830C7}"
EndProject
Global
	GlobalSection(SolutionConfigurationPlatforms) = preSolution
		Debug|Any CPU = Debug|Any CPU
		Release|Any CPU = Release|Any CPU
	EndGlobalSection
	GlobalSection(ProjectConfigurationPlatforms) = postSolution
		{52DB14A7-3604-4D39-9649-BB007FB830C7}.Debug|Any CPU.ActiveCfg = Debug|Any CPU
		{52DB14A7-3604-4D39-9649-BB007FB830C7}.Debug|Any CPU.Build.0 = Debug|Any CPU
		{52DB14A7-3604-4D39-9649-BB007FB830C7}.Release|Any CPU.ActiveCfg = Release|Any CPU
		{52DB14A7-3604-4D39-9649-BB007FB830C7}.Release|Any CPU.Build.0 = Release|Any CPU
	EndGlobalSection
	GlobalSection(SolutionProperties) = preSolution
		HideSolutionNode = FALSE
	EndGlobalSection
	GlobalSection(ExtensibilityGlobals) = postSolution
		SolutionGuid = {D25BB29A-365A-4820-85E2-D0E3EC026931}
	EndGlobalSection
EndGlobal
